
Microsoft Visual Studio Solution File, Format Version 12.00
# Visual Studio Version 17
VisualStudioVersion = 17.14.36915.13 d17.14
MinimumVisualStudioVersion = 10.0.40219.1
Project("{FAE04EC0-301F-11D3-BF4B-00C04F79EFBC}") = "Takeaway restaurant", "Takeaway restaurant\Takeaway restaurant.csproj", "{0BAB5F01-C0FF-4C24-81B1-7F007369AFB4}"
EndProject
Global
	GlobalSection(SolutionConfigurationPlatforms) = preSolution
		Debug|Any CPU = Debug|Any CPU
		Release|Any CPU = Release|Any CPU
	EndGlobalSection
	GlobalSection(ProjectConfigurationPlatforms) = postSolution
		{0BAB5F01-C0FF-4C24-81B1-7F007369AFB4}.Debug|Any CPU.ActiveCfg = Debug|Any CPU
		{0BAB5F01-C0FF-4C24-81B1-7F007369AFB4}.Debug|Any CPU.Build.0 = Debug|Any CPU
		{0BAB5F01-C0FF-4C24-81B1-7F007369AFB4}.Release|Any CPU.ActiveCfg = Release|Any CPU
		{0BAB5F01-C0FF-4C24-81B1-7F007369AFB4}.Release|Any CPU.Build.0 = Release|Any CPU
	EndGlobalSection
	GlobalSection(SolutionProperties) = preSolution
		HideSolutionNode = FALSE
	EndGlobalSection
	GlobalSection(ExtensibilityGlobals) = postSolution
		SolutionGuid = {C3FEDD56-C925-4277-A57D-BB8CA1FE160D}
	EndGlobalSection
EndGlobal
